PODS:
  - IQKeyboardManagerSwift (7.0.2)
  - Kingfisher (7.6.2)
  - SwiftLint (0.54.0)

DEPENDENCIES:
  - IQKeyboardManagerSwift
  - Kingfisher (~> 7.6.0)
  - SwiftLint

SPEC REPOS:
  trunk:
    - IQKeyboardManagerSwift
    - Kingfisher
    - SwiftLint

SPEC CHECKSUMS:
  IQKeyboardManagerSwift: d338c11a896e9f29603443700c4567e32f830c22
  Kingfisher: 6c5449c6450c5239166510ba04afe374a98afc4f
  SwiftLint: c1de071d9d08c8aba837545f6254315bc900e211

PODFILE CHECKSUM: b34d07d32bc7bddb853a5c434064128898acd1d4

COCOAPODS: 1.15.2
