PODS:
  - IQKeyboardManagerSwift (7.0.1)
  - Kingfisher (7.6.2)
  - SwiftLint (0.54.0)

DEPENDENCIES:
  - IQKeyboardManagerSwift
  - Kingfisher (~> 7.6.0)
  - SwiftLint

SPEC REPOS:
  https://github.com/CocoaPods/Specs.git:
    - IQKeyboardManagerSwift
    - Kingfisher
  trunk:
    - SwiftLint

SPEC CHECKSUMS:
  IQKeyboardManagerSwift: 7f6b1b1d1497855d2beea7f2f10ffcc6978525b1
  Kingfisher: 6c5449c6450c5239166510ba04afe374a98afc4f
  SwiftLint: c1de071d9d08c8aba837545f6254315bc900e211

PODFILE CHECKSUM: e904094748c470a8ae5631bed5fbe098eafed066

COCOAPODS: 1.15.2
